
Microsoft Visual Studio Solution File, Format Version 12.00
# Visual Studio Version 17
VisualStudioVersion = 17.5.33627.172
MinimumVisualStudioVersion = 10.0.40219.1
Project("{2150E333-8FDC-42A3-9474-1A3956D46DE8}") = "Front", "Front", "{648969A1-555F-4EC5-B7ED-C9299F7606EA}"
EndProject
Project("{2150E333-8FDC-42A3-9474-1A3956D46DE8}") = "Services", "Services", "{6D05D2E9-427E-4592-A28B-E8B6938E16FB}"
EndProject
Project("{9A19103F-16F7-4668-BE54-9A1E7A4F7556}") = "GeekShopping.ProductAPI", "GeekShopping.ProductAPI\GeekShopping.ProductAPI.csproj", "{0D62C73D-B8C0-41D3-AA96-EB3C22A3CC40}"
EndProject
Project("{9A19103F-16F7-4668-BE54-9A1E7A4F7556}") = "GeekShopping.Web", "GeekShopping.Web\GeekShopping.Web.csproj", "{0FDAA626-0AA5-401C-8C30-709A1F01DEE1}"
EndProject
Project("{9A19103F-16F7-4668-BE54-9A1E7A4F7556}") = "GeekShopping.IdentityServer", "GeekShopping.IdentityServer\GeekShopping.IdentityServer.csproj", "{93991A8D-E336-45D5-B37A-846C25D575AF}"
EndProject
Project("{9A19103F-16F7-4668-BE54-9A1E7A4F7556}") = "GeekShopping.CartAPI", "GeekShopping.CartApi\GeekShopping.CartAPI.csproj", "{27395DE5-F4A0-4B00-9DEF-05080E620684}"
EndProject
Project("{9A19103F-16F7-4668-BE54-9A1E7A4F7556}") = "GeekShopping.CouponAPI", "GeekShopping.CoupomAPI\GeekShopping.CouponAPI.csproj", "{1CCF41F2-25D5-4B16-B535-D098BB84C33D}"
EndProject
Project("{2150E333-8FDC-42A3-9474-1A3956D46DE8}") = "Integration", "Integration", "{A37C66EE-6962-47A7-87AD-EE2461590E03}"
EndProject
Project("{9A19103F-16F7-4668-BE54-9A1E7A4F7556}") = "GeekShopping.MessageBus", "GeekShopping.MessageBus\GeekShopping.MessageBus.csproj", "{C4FAFE71-2F81-49C3-9CE9-5A19292C63D0}"
EndProject
Project("{9A19103F-16F7-4668-BE54-9A1E7A4F7556}") = "GeekShopping.OrderAPI", "GeekShopping.OrderAPI\GeekShopping.OrderAPI.csproj", "{82AF0510-204C-40AA-849C-3354DA9E8B49}"
EndProject
Project("{2150E333-8FDC-42A3-9474-1A3956D46DE8}") = "Payments", "Payments", "{27535555-47C2-4E84-B205-6338C50AF5FA}"
EndProject
Project("{9A19103F-16F7-4668-BE54-9A1E7A4F7556}") = "GeekShopping.PaymentProcessor", "GeekShopping.PaymentProcessor\GeekShopping.PaymentProcessor.csproj", "{91CC2748-37DF-4AFB-928C-172166C0ED4D}"
EndProject
Project("{9A19103F-16F7-4668-BE54-9A1E7A4F7556}") = "GeekShopping.PaymentAPI", "GeekShopping.PaymentAPI\GeekShopping.PaymentAPI.csproj", "{E4114C25-9B2C-4301-B5FD-1707C380FD49}"
EndProject
Project("{FAE04EC0-301F-11D3-BF4B-00C04F79EFBC}") = "GeekShopping.Email", "GeekShopping.Email\GeekShopping.Email.csproj", "{5FF899BD-E6A6-4DA6-99A3-58B079487520}"
EndProject
Global
	GlobalSection(SolutionConfigurationPlatforms) = preSolution
		Debug|Any CPU = Debug|Any CPU
		Release|Any CPU = Release|Any CPU
	EndGlobalSection
	GlobalSection(ProjectConfigurationPlatforms) = postSolution
		{0D62C73D-B8C0-41D3-AA96-EB3C22A3CC40}.Debug|Any CPU.ActiveCfg = Debug|Any CPU
		{0D62C73D-B8C0-41D3-AA96-EB3C22A3CC40}.Debug|Any CPU.Build.0 = Debug|Any CPU
		{0D62C73D-B8C0-41D3-AA96-EB3C22A3CC40}.Release|Any CPU.ActiveCfg = Release|Any CPU
		{0D62C73D-B8C0-41D3-AA96-EB3C22A3CC40}.Release|Any CPU.Build.0 = Release|Any CPU
		{0FDAA626-0AA5-401C-8C30-709A1F01DEE1}.Debug|Any CPU.ActiveCfg = Debug|Any CPU
		{0FDAA626-0AA5-401C-8C30-709A1F01DEE1}.Debug|Any CPU.Build.0 = Debug|Any CPU
		{0FDAA626-0AA5-401C-8C30-709A1F01DEE1}.Release|Any CPU.ActiveCfg = Release|Any CPU
		{0FDAA626-0AA5-401C-8C30-709A1F01DEE1}.Release|Any CPU.Build.0 = Release|Any CPU
		{93991A8D-E336-45D5-B37A-846C25D575AF}.Debug|Any CPU.ActiveCfg = Debug|Any CPU
		{93991A8D-E336-45D5-B37A-846C25D575AF}.Debug|Any CPU.Build.0 = Debug|Any CPU
		{93991A8D-E336-45D5-B37A-846C25D575AF}.Release|Any CPU.ActiveCfg = Release|Any CPU
		{93991A8D-E336-45D5-B37A-846C25D575AF}.Release|Any CPU.Build.0 = Release|Any CPU
		{27395DE5-F4A0-4B00-9DEF-05080E620684}.Debug|Any CPU.ActiveCfg = Debug|Any CPU
		{27395DE5-F4A0-4B00-9DEF-05080E620684}.Debug|Any CPU.Build.0 = Debug|Any CPU
		{27395DE5-F4A0-4B00-9DEF-05080E620684}.Release|Any CPU.ActiveCfg = Release|Any CPU
		{27395DE5-F4A0-4B00-9DEF-05080E620684}.Release|Any CPU.Build.0 = Release|Any CPU
		{1CCF41F2-25D5-4B16-B535-D098BB84C33D}.Debug|Any CPU.ActiveCfg = Debug|Any CPU
		{1CCF41F2-25D5-4B16-B535-D098BB84C33D}.Debug|Any CPU.Build.0 = Debug|Any CPU
		{1CCF41F2-25D5-4B16-B535-D098BB84C33D}.Release|Any CPU.ActiveCfg = Release|Any CPU
		{1CCF41F2-25D5-4B16-B535-D098BB84C33D}.Release|Any CPU.Build.0 = Release|Any CPU
		{C4FAFE71-2F81-49C3-9CE9-5A19292C63D0}.Debug|Any CPU.ActiveCfg = Debug|Any CPU
		{C4FAFE71-2F81-49C3-9CE9-5A19292C63D0}.Debug|Any CPU.Build.0 = Debug|Any CPU
		{C4FAFE71-2F81-49C3-9CE9-5A19292C63D0}.Release|Any CPU.ActiveCfg = Release|Any CPU
		{C4FAFE71-2F81-49C3-9CE9-5A19292C63D0}.Release|Any CPU.Build.0 = Release|Any CPU
		{82AF0510-204C-40AA-849C-3354DA9E8B49}.Debug|Any CPU.ActiveCfg = Debug|Any CPU
		{82AF0510-204C-40AA-849C-3354DA9E8B49}.Debug|Any CPU.Build.0 = Debug|Any CPU
		{82AF0510-204C-40AA-849C-3354DA9E8B49}.Release|Any CPU.ActiveCfg = Release|Any CPU
		{82AF0510-204C-40AA-849C-3354DA9E8B49}.Release|Any CPU.Build.0 = Release|Any CPU
		{91CC2748-37DF-4AFB-928C-172166C0ED4D}.Debug|Any CPU.ActiveCfg = Debug|Any CPU
		{91CC2748-37DF-4AFB-928C-172166C0ED4D}.Debug|Any CPU.Build.0 = Debug|Any CPU
		{91CC2748-37DF-4AFB-928C-172166C0ED4D}.Release|Any CPU.ActiveCfg = Release|Any CPU
		{91CC2748-37DF-4AFB-928C-172166C0ED4D}.Release|Any CPU.Build.0 = Release|Any CPU
		{E4114C25-9B2C-4301-B5FD-1707C380FD49}.Debug|Any CPU.ActiveCfg = Debug|Any CPU
		{E4114C25-9B2C-4301-B5FD-1707C380FD49}.Debug|Any CPU.Build.0 = Debug|Any CPU
		{E4114C25-9B2C-4301-B5FD-1707C380FD49}.Release|Any CPU.ActiveCfg = Release|Any CPU
		{E4114C25-9B2C-4301-B5FD-1707C380FD49}.Release|Any CPU.Build.0 = Release|Any CPU
		{5FF899BD-E6A6-4DA6-99A3-58B079487520}.Debug|Any CPU.ActiveCfg = Debug|Any CPU
		{5FF899BD-E6A6-4DA6-99A3-58B079487520}.Debug|Any CPU.Build.0 = Debug|Any CPU
		{5FF899BD-E6A6-4DA6-99A3-58B079487520}.Release|Any CPU.ActiveCfg = Release|Any CPU
		{5FF899BD-E6A6-4DA6-99A3-58B079487520}.Release|Any CPU.Build.0 = Release|Any CPU
	EndGlobalSection
	GlobalSection(SolutionProperties) = preSolution
		HideSolutionNode = FALSE
	EndGlobalSection
	GlobalSection(NestedProjects) = preSolution
		{0D62C73D-B8C0-41D3-AA96-EB3C22A3CC40} = {6D05D2E9-427E-4592-A28B-E8B6938E16FB}
		{0FDAA626-0AA5-401C-8C30-709A1F01DEE1} = {648969A1-555F-4EC5-B7ED-C9299F7606EA}
		{93991A8D-E336-45D5-B37A-846C25D575AF} = {6D05D2E9-427E-4592-A28B-E8B6938E16FB}
		{27395DE5-F4A0-4B00-9DEF-05080E620684} = {6D05D2E9-427E-4592-A28B-E8B6938E16FB}
		{1CCF41F2-25D5-4B16-B535-D098BB84C33D} = {6D05D2E9-427E-4592-A28B-E8B6938E16FB}
		{C4FAFE71-2F81-49C3-9CE9-5A19292C63D0} = {A37C66EE-6962-47A7-87AD-EE2461590E03}
		{82AF0510-204C-40AA-849C-3354DA9E8B49} = {6D05D2E9-427E-4592-A28B-E8B6938E16FB}
		{91CC2748-37DF-4AFB-928C-172166C0ED4D} = {27535555-47C2-4E84-B205-6338C50AF5FA}
		{E4114C25-9B2C-4301-B5FD-1707C380FD49} = {6D05D2E9-427E-4592-A28B-E8B6938E16FB}
		{5FF899BD-E6A6-4DA6-99A3-58B079487520} = {6D05D2E9-427E-4592-A28B-E8B6938E16FB}
	EndGlobalSection
	GlobalSection(ExtensibilityGlobals) = postSolution
		SolutionGuid = {3D679931-905A-473D-8397-E43679634FF0}
	EndGlobalSection
EndGlobal
